
Microsoft Visual Studio Solution File, Format Version 12.00
# Visual Studio 15
VisualStudioVersion = 15.0.28307.136
MinimumVisualStudioVersion = 10.0.40219.1
Project("{FAE04EC0-301F-11D3-BF4B-00C04F79EFBC}") = "DNDApp", "DNDApp\DNDApp.csproj", "{14B08673-ED88-4E9C-BFA3-6A1BA8ACBEC6}"
EndProject
Project("{FAE04EC0-301F-11D3-BF4B-00C04F79EFBC}") = "DNDApp.Common", "DNDApp.Common\DNDApp.Common.csproj", "{D9CBB841-1323-4517-8160-4C875A61B571}"
EndProject
Project("{FAE04EC0-301F-11D3-BF4B-00C04F79EFBC}") = "DNDApp.Data", "DNDApp.Data\DNDApp.Data.csproj", "{E2869E18-8042-4827-84AB-D8413AFE2F08}"
EndProject
Global
	GlobalSection(SolutionConfigurationPlatforms) = preSolution
		Debug|Any CPU = Debug|Any CPU
		Release|Any CPU = Release|Any CPU
	EndGlobalSection
	GlobalSection(ProjectConfigurationPlatforms) = postSolution
		{14B08673-ED88-4E9C-BFA3-6A1BA8ACBEC6}.Debug|Any CPU.ActiveCfg = Debug|Any CPU
		{14B08673-ED88-4E9C-BFA3-6A1BA8ACBEC6}.Debug|Any CPU.Build.0 = Debug|Any CPU
		{14B08673-ED88-4E9C-BFA3-6A1BA8ACBEC6}.Release|Any CPU.ActiveCfg = Release|Any CPU
		{14B08673-ED88-4E9C-BFA3-6A1BA8ACBEC6}.Release|Any CPU.Build.0 = Release|Any CPU
		{D9CBB841-1323-4517-8160-4C875A61B571}.Debug|Any CPU.ActiveCfg = Debug|Any CPU
		{D9CBB841-1323-4517-8160-4C875A61B571}.Debug|Any CPU.Build.0 = Debug|Any CPU
		{D9CBB841-1323-4517-8160-4C875A61B571}.Release|Any CPU.ActiveCfg = Release|Any CPU
		{D9CBB841-1323-4517-8160-4C875A61B571}.Release|Any CPU.Build.0 = Release|Any CPU
		{E2869E18-8042-4827-84AB-D8413AFE2F08}.Debug|Any CPU.ActiveCfg = Debug|Any CPU
		{E2869E18-8042-4827-84AB-D8413AFE2F08}.Debug|Any CPU.Build.0 = Debug|Any CPU
		{E2869E18-8042-4827-84AB-D8413AFE2F08}.Release|Any CPU.ActiveCfg = Release|Any CPU
		{E2869E18-8042-4827-84AB-D8413AFE2F08}.Release|Any CPU.Build.0 = Release|Any CPU
	EndGlobalSection
	GlobalSection(SolutionProperties) = preSolution
		HideSolutionNode = FALSE
	EndGlobalSection
	GlobalSection(ExtensibilityGlobals) = postSolution
		SolutionGuid = {6940789F-000E-4100-9DA6-63F8489469A6}
	EndGlobalSection
EndGlobal
